// !$*UTF8*$!
{
	archiveVersion = 1;
	classes = {
	};
	objectVersion = 46;
	objects = {

/* Begin PBXBuildFile section */
		A1BC6AAA1D015F56000CC75A /* AppDelegate.swift in Sources */ = {isa = PBXBuildFile; fileRef = A1BC6AA91D015F56000CC75A /* AppDelegate.swift */; };
		A1BC6AAC1D015F56000CC75A /* ViewController.swift in Sources */ = {isa = PBXBuildFile; fileRef = A1BC6AAB1D015F56000CC75A /* ViewController.swift */; };
		A1BC6AAF1D015F56000CC75A /* Main.storyboard in Resources */ = {isa = PBXBuildFile; fileRef = A1BC6AAD1D015F56000CC75A /* Main.storyboard */; };
		A1BC6AB21D015F56000CC75A /* IOTStarter_swift.xcdatamodeld in Sources */ = {isa = PBXBuildFile; fileRef = A1BC6AB01D015F56000CC75A /* IOTStarter_swift.xcdatamodeld */; };
		A1BC6AB41D015F56000CC75A /* Assets.xcassets in Resources */ = {isa = PBXBuildFile; fileRef = A1BC6AB31D015F56000CC75A /* Assets.xcassets */; };
		A1BC6AB71D015F56000CC75A /* LaunchScreen.storyboard in Resources */ = {isa = PBXBuildFile; fileRef = A1BC6AB51D015F56000CC75A /* LaunchScreen.storyboard */; };
/* End PBXBuildFile section */

/* Begin PBXFileReference section */
		A1BC6AA61D015F56000CC75A /* IOTStarter-swift.app */ = {isa = PBXFileReference; explicitFileType = wrapper.application; includeInIndex = 0; path = "IOTStarter-swift.app"; sourceTree = BUILT_PRODUCTS_DIR; };
		A1BC6AA91D015F56000CC75A /* AppDelegate.swift */ = {isa = PBXFileReference; lastKnownFileType = sourcecode.swift; path = AppDelegate.swift; sourceTree = "<group>"; };
		A1BC6AAB1D015F56000CC75A /* ViewController.swift */ = {isa = PBXFileReference; lastKnownFileType = sourcecode.swift; path = ViewController.swift; sourceTree = "<group>"; };
		A1BC6AAE1D015F56000CC75A /* Base */ = {isa = PBXFileReference; lastKnownFileType = file.storyboard; name = Base; path = Base.lproj/Main.storyboard; sourceTree = "<group>"; };
		A1BC6AB11D015F56000CC75A /* IOTStarter_swift.xcdatamodel */ = {isa = PBXFileReference; lastKnownFileType = wrapper.xcdatamodel; path = IOTStarter_swift.xcdatamodel; sourceTree = "<group>"; };
		A1BC6AB31D015F56000CC75A /* Assets.xcassets */ = {isa = PBXFileReference; lastKnownFileType = folder.assetcatalog; path = Assets.xcassets; sourceTree = "<group>"; };
		A1BC6AB61D015F56000CC75A /* Base */ = {isa = PBXFileReference; lastKnownFileType = file.storyboard; name = Base; path = Base.lproj/LaunchScreen.storyboard; sourceTree = "<group>"; };
		A1BC6AB81D015F56000CC75A /* Info.plist */ = {isa = PBXFileReference; lastKnownFileType = text.plist.xml; path = Info.plist; sourceTree = "<group>"; };
/* End PBXFileReference section */

/* Begin PBXFrameworksBuildPhase section */
		A1BC6AA31D015F56000CC75A /* Frameworks */ = {
			isa = PBXFrameworksBuildPhase;
			buildActionMask = 2147483647;
			files = (
			);
			runOnlyForDeploymentPostprocessing = 0;
		};
/* End PBXFrameworksBuildPhase section */

/* Begin PBXGroup section */
		A1BC6A9D1D015F56000CC75A = {
			isa = PBXGroup;
			children = (
				A1BC6AA81D015F56000CC75A /* IOTStarter-swift */,
				A1BC6AA71D015F56000CC75A /* Products */,
			);
			sourceTree = "<group>";
		};
		A1BC6AA71D015F56000CC75A /* Products */ = {
			isa = PBXGroup;
			children = (
				A1BC6AA61D015F56000CC75A /* IOTStarter-swift.app */,
			);
			name = Products;
			sourceTree = "<group>";
		};
		A1BC6AA81D015F56000CC75A /* IOTStarter-swift */ = {
			isa = PBXGroup;
			children = (
				A1BC6AA91D015F56000CC75A /* AppDelegate.swift */,
				A1BC6AAB1D015F56000CC75A /* ViewController.swift */,
				A1BC6AAD1D015F56000CC75A /* Main.storyboard */,
				A1BC6AB31D015F56000CC75A /* Assets.xcassets */,
				A1BC6AB51D015F56000CC75A /* LaunchScreen.storyboard */,
				A1BC6AB81D015F56000CC75A /* Info.plist */,
				A1BC6AB01D015F56000CC75A /* IOTStarter_swift.xcdatamodeld */,
			);
			path = "IOTStarter-swift";
			sourceTree = "<group>";
		};
/* End PBXGroup section */

/* Begin PBXNativeTarget section */
		A1BC6AA51D015F56000CC75A /* IOTStarter-swift */ = {
			isa = PBXNativeTarget;
			buildConfigurationList = A1BC6ABB1D015F56000CC75A /* Build configuration list for PBXNativeTarget "IOTStarter-swift" */;
			buildPhases = (
				A1BC6AA21D015F56000CC75A /* Sources */,
				A1BC6AA31D015F56000CC75A /* Frameworks */,
				A1BC6AA41D015F56000CC75A /* Resources */,
			);
			buildRules = (
			);
			dependencies = (
			);
			name = "IOTStarter-swift";
			productName = "IOTStarter-swift";
			productReference = A1BC6AA61D015F56000CC75A /* IOTStarter-swift.app */;
			productType = "com.apple.product-type.application";
		};
/* End PBXNativeTarget section */

/* Begin PBXProject section */
		A1BC6A9E1D015F56000CC75A /* Project object */ = {
			isa = PBXProject;
			attributes = {
				LastSwiftUpdateCheck = 0730;
				LastUpgradeCheck = 0730;
				ORGANIZATIONNAME = IBMSD;
				TargetAttributes = {
					A1BC6AA51D015F56000CC75A = {
						CreatedOnToolsVersion = 7.3.1;
					};
				};
			};
			buildConfigurationList = A1BC6AA11D015F56000CC75A /* Build configuration list for PBXProject "IOTStarter-swift" */;
			compatibilityVersion = "Xcode 3.2";
			developmentRegion = English;
			hasScannedForEncodings = 0;
			knownRegions = (
				en,
				Base,
			);
			mainGroup = A1BC6A9D1D015F56000CC75A;
			productRefGroup = A1BC6AA71D015F56000CC75A /* Products */;
			projectDirPath = "";
			projectRoot = "";
			targets = (
				A1BC6AA51D015F56000CC75A /* IOTStarter-swift */,
			);
		};
/* End PBXProject section */

/* Begin PBXResourcesBuildPhase section */
		A1BC6AA41D015F56000CC75A /* Resources */ = {
			isa = PBXResourcesBuildPhase;
			buildActionMask = 2147483647;
			files = (
				A1BC6AB71D015F56000CC75A /* LaunchScreen.storyboard in Resources */,
				A1BC6AB41D015F56000CC75A /* Assets.xcassets in Resources */,
				A1BC6AAF1D015F56000CC75A /* Main.storyboard in Resources */,
			);
			runOnlyForDeploymentPostprocessing = 0;
		};
/* End PBXResourcesBuildPhase section */

/* Begin PBXSourcesBuildPhase section */
		A1BC6AA21D015F56000CC75A /* Sources */ = {
			isa = PBXSourcesBuildPhase;
			buildActionMask = 2147483647;
			files = (
				A1BC6AAC1D015F56000CC75A /* ViewController.swift in Sources */,
				A1BC6AB21D015F56000CC75A /* IOTStarter_swift.xcdatamodeld in Sources */,
				A1BC6AAA1D015F56000CC75A /* AppDelegate.swift in Sources */,
			);
			runOnlyForDeploymentPostprocessing = 0;
		};
/* End PBXSourcesBuildPhase section */

/* Begin PBXVariantGroup section */
		A1BC6AAD1D015F56000CC75A /* Main.storyboard */ = {
			isa = PBXVariantGroup;
			children = (
				A1BC6AAE1D015F56000CC75A /* Base */,
			);
			name = Main.storyboard;
			sourceTree = "<group>";
		};
		A1BC6AB51D015F56000CC75A /* LaunchScreen.storyboard */ = {
			isa = PBXVariantGroup;
			children = (
				A1BC6AB61D015F56000CC75A /* Base */,
			);
			name = LaunchScreen.storyboard;
			sourceTree = "<group>";
		};
/* End PBXVariantGroup section */

/* Begin XCBuildConfiguration section */
		A1BC6AB91D015F56000CC75A /* Debug */ = {
			isa = XCBuildConfiguration;
			buildSettings = {
				ALWAYS_SEARCH_USER_PATHS = NO;
				CLANG_ANALYZER_NONNULL = YES;
				CLANG_CXX_LANGUAGE_STANDARD = "gnu++0x";
				CLANG_CXX_LIBRARY = "libc++";
				CLANG_ENABLE_MODULES = YES;
				CLANG_ENABLE_OBJC_ARC = YES;
				CLANG_WARN_BOOL_CONVERSION = YES;
				CLANG_WARN_CONSTANT_CONVERSION = YES;
				CLANG_WARN_DIRECT_OBJC_ISA_USAGE = YES_ERROR;
				CLANG_WARN_EMPTY_BODY = YES;
				CLANG_WARN_ENUM_CONVERSION = YES;
				CLANG_WARN_INT_CONVERSION = YES;
				CLANG_WARN_OBJC_ROOT_CLASS = YES_ERROR;
				CLANG_WARN_UNREACHABLE_CODE = YES;
				CLANG_WARN__DUPLICATE_METHOD_MATCH = YES;
				"CODE_SIGN_IDENTITY[sdk=iphoneos*]" = "iPhone Developer";
				COPY_PHASE_STRIP = NO;
				DEBUG_INFORMATION_FORMAT = dwarf;
				ENABLE_STRICT_OBJC_MSGSEND = YES;
				ENABLE_TESTABILITY = YES;
				GCC_C_LANGUAGE_STANDARD = gnu99;
				GCC_DYNAMIC_NO_PIC = NO;
				GCC_NO_COMMON_BLOCKS = YES;
				GCC_OPTIMIZATION_LEVEL = 0;
				GCC_PREPROCESSOR_DEFINITIONS = (
					"DEBUG=1",
					"$(inherited)",
				);
				GCC_WARN_64_TO_32_BIT_CONVERSION = YES;
				GCC_WARN_ABOUT_RETURN_TYPE = YES_ERROR;
				GCC_WARN_UNDECLARED_SELECTOR = YES;
				GCC_WARN_UNINITIALIZED_AUTOS = YES_AGGRESSIVE;
				GCC_WARN_UNUSED_FUNCTION = YES;
				GCC_WARN_UNUSED_VARIABLE = YES;
				IPHONEOS_DEPLOYMENT_TARGET = 9.3;
				MTL_ENABLE_DEBUG_INFO = YES;
				ONLY_ACTIVE_ARCH = YES;
				SDKROOT = iphoneos;
				SWIFT_OPTIMIZATION_LEVEL = "-Onone";
			};
			name = Debug;
		};
		A1BC6ABA1D015F56000CC75A /* Release */ = {
			isa = XCBuildConfiguration;
			buildSettings = {
				ALWAYS_SEARCH_USER_PATHS = NO;
				CLANG_ANALYZER_NONNULL = YES;
				CLANG_CXX_LANGUAGE_STANDARD = "gnu++0x";
				CLANG_CXX_LIBRARY = "libc++";
				CLANG_ENABLE_MODULES = YES;
				CLANG_ENABLE_OBJC_ARC = YES;
				CLANG_WARN_BOOL_CONVERSION = YES;
				CLANG_WARN_CONSTANT_CONVERSION = YES;
				CLANG_WARN_DIRECT_OBJC_ISA_USAGE = YES_ERROR;
				CLANG_WARN_EMPTY_BODY = YES;
				CLANG_WARN_ENUM_CONVERSION = YES;
				CLANG_WARN_INT_CONVERSION = YES;
				CLANG_WARN_OBJC_ROOT_CLASS = YES_ERROR;
				CLANG_WARN_UNREACHABLE_CODE = YES;
				CLANG_WARN__DUPLICATE_METHOD_MATCH = YES;
				"CODE_SIGN_IDENTITY[sdk=iphoneos*]" = "iPhone Developer";
				COPY_PHASE_STRIP = NO;
				DEBUG_INFORMATION_FORMAT = "dwarf-with-dsym";
				ENABLE_NS_ASSERTIONS = NO;
				ENABLE_STRICT_OBJC_MSGSEND = YES;
				GCC_C_LANGUAGE_STANDARD = gnu99;
				GCC_NO_COMMON_BLOCKS = YES;
				GCC_WARN_64_TO_32_BIT_CONVERSION = YES;
				GCC_WARN_ABOUT_RETURN_TYPE = YES_ERROR;
				GCC_WARN_UNDECLARED_SELECTOR = YES;
				GCC_WARN_UNINITIALIZED_AUTOS = YES_AGGRESSIVE;
				GCC_WARN_UNUSED_FUNCTION = YES;
				GCC_WARN_UNUSED_VARIABLE = YES;
				IPHONEOS_DEPLOYMENT_TARGET = 9.3;
				MTL_ENABLE_DEBUG_INFO = NO;
				SDKROOT = iphoneos;
				VALIDATE_PRODUCT = YES;
			};
			name = Release;
		};
		A1BC6ABC1D015F56000CC75A /* Debug */ = {
			isa = XCBuildConfiguration;
			buildSettings = {
				ASSETCATALOG_COMPILER_APPICON_NAME = AppIcon;
				INFOPLIST_FILE = "IOTStarter-swift/Info.plist";
				LD_RUNPATH_SEARCH_PATHS = "$(inherited) @executable_path/Frameworks";
				PRODUCT_BUNDLE_IDENTIFIER = "com.ibm.th.sd.IOTStarter-swift";
				PRODUCT_NAME = "$(TARGET_NAME)";
			};
			name = Debug;
		};
		A1BC6ABD1D015F56000CC75A /* Release */ = {
			isa = XCBuildConfiguration;
			buildSettings = {
				ASSETCATALOG_COMPILER_APPICON_NAME = AppIcon;
				INFOPLIST_FILE = "IOTStarter-swift/Info.plist";
				LD_RUNPATH_SEARCH_PATHS = "$(inherited) @executable_path/Frameworks";
				PRODUCT_BUNDLE_IDENTIFIER = "com.ibm.th.sd.IOTStarter-swift";
				PRODUCT_NAME = "$(TARGET_NAME)";
			};
			name = Release;
		};
/* End XCBuildConfiguration section */

/* Begin XCConfigurationList section */
		A1BC6AA11D015F56000CC75A /* Build configuration list for PBXProject "IOTStarter-swift" */ = {
			isa = XCConfigurationList;
			buildConfigurations = (
				A1BC6AB91D015F56000CC75A /* Debug */,
				A1BC6ABA1D015F56000CC75A /* Release */,
			);
			defaultConfigurationIsVisible = 0;
			defaultConfigurationName = Release;
		};
		A1BC6ABB1D015F56000CC75A /* Build configuration list for PBXNativeTarget "IOTStarter-swift" */ = {
			isa = XCConfigurationList;
			buildConfigurations = (
				A1BC6ABC1D015F56000CC75A /* Debug */,
				A1BC6ABD1D015F56000CC75A /* Release */,
			);
			defaultConfigurationIsVisible = 0;
		};
/* End XCConfigurationList section */

/* Begin XCVersionGroup section */
		A1BC6AB01D015F56000CC75A /* IOTStarter_swift.xcdatamodeld */ = {
			isa = XCVersionGroup;
			children = (
				A1BC6AB11D015F56000CC75A /* IOTStarter_swift.xcdatamodel */,
			);
			currentVersion = A1BC6AB11D015F56000CC75A /* IOTStarter_swift.xcdatamodel */;
			path = IOTStarter_swift.xcdatamodeld;
			sourceTree = "<group>";
			versionGroupType = wrapper.xcdatamodel;
		};
/* End XCVersionGroup section */
	};
	rootObject = A1BC6A9E1D015F56000CC75A /* Project object */;
}
